
Microsoft Visual Studio Solution File, Format Version 12.00
# Visual Studio Version 17
VisualStudioVersion = 17.14.36616.10 d17.14
MinimumVisualStudioVersion = 10.0.40219.1
Project("{FAE04EC0-301F-11D3-BF4B-00C04F79EFBC}") = "Encapsulation", "Encapsulation\Encapsulation.csproj", "{3509CFFA-9704-4F0E-ACAD-5D8012C985E9}"
EndProject
Global
	GlobalSection(SolutionConfigurationPlatforms) = preSolution
		Debug|Any CPU = Debug|Any CPU
		Release|Any CPU = Release|Any CPU
	EndGlobalSection
	GlobalSection(ProjectConfigurationPlatforms) = postSolution
		{3509CFFA-9704-4F0E-ACAD-5D8012C985E9}.Debug|Any CPU.ActiveCfg = Debug|Any CPU
		{3509CFFA-9704-4F0E-ACAD-5D8012C985E9}.Debug|Any CPU.Build.0 = Debug|Any CPU
		{3509CFFA-9704-4F0E-ACAD-5D8012C985E9}.Release|Any CPU.ActiveCfg = Release|Any CPU
		{3509CFFA-9704-4F0E-ACAD-5D8012C985E9}.Release|Any CPU.Build.0 = Release|Any CPU
	EndGlobalSection
	GlobalSection(SolutionProperties) = preSolution
		HideSolutionNode = FALSE
	EndGlobalSection
	GlobalSection(ExtensibilityGlobals) = postSolution
		SolutionGuid = {BD05D390-D4FA-4069-9AA1-028BD0FC8D95}
	EndGlobalSection
EndGlobal
