
Microsoft Visual Studio Solution File, Format Version 12.00
# Visual Studio Version 17
VisualStudioVersion = 17.14.36616.10 d17.14
MinimumVisualStudioVersion = 10.0.40219.1
Project("{FAE04EC0-301F-11D3-BF4B-00C04F79EFBC}") = "Loops", "Loops\Loops.csproj", "{F1EE1398-3387-414B-BFB5-29431A96D34C}"
EndProject
Global
	GlobalSection(SolutionConfigurationPlatforms) = preSolution
		Debug|Any CPU = Debug|Any CPU
		Release|Any CPU = Release|Any CPU
	EndGlobalSection
	GlobalSection(ProjectConfigurationPlatforms) = postSolution
		{F1EE1398-3387-414B-BFB5-29431A96D34C}.Debug|Any CPU.ActiveCfg = Debug|Any CPU
		{F1EE1398-3387-414B-BFB5-29431A96D34C}.Debug|Any CPU.Build.0 = Debug|Any CPU
		{F1EE1398-3387-414B-BFB5-29431A96D34C}.Release|Any CPU.ActiveCfg = Release|Any CPU
		{F1EE1398-3387-414B-BFB5-29431A96D34C}.Release|Any CPU.Build.0 = Release|Any CPU
	EndGlobalSection
	GlobalSection(SolutionProperties) = preSolution
		HideSolutionNode = FALSE
	EndGlobalSection
	GlobalSection(ExtensibilityGlobals) = postSolution
		SolutionGuid = {1494FB9A-5274-4FF9-A907-4564D9F87E51}
	EndGlobalSection
EndGlobal
