
Microsoft Visual Studio Solution File, Format Version 12.00
# Visual Studio Version 17
VisualStudioVersion = 17.14.36616.10 d17.14
MinimumVisualStudioVersion = 10.0.40219.1
Project("{FAE04EC0-301F-11D3-BF4B-00C04F79EFBC}") = "Delegates", "Delegates\Delegates.csproj", "{355BC6B6-203E-4007-8284-FA3B928F8682}"
EndProject
Global
	GlobalSection(SolutionConfigurationPlatforms) = preSolution
		Debug|Any CPU = Debug|Any CPU
		Release|Any CPU = Release|Any CPU
	EndGlobalSection
	GlobalSection(ProjectConfigurationPlatforms) = postSolution
		{355BC6B6-203E-4007-8284-FA3B928F8682}.Debug|Any CPU.ActiveCfg = Debug|Any CPU
		{355BC6B6-203E-4007-8284-FA3B928F8682}.Debug|Any CPU.Build.0 = Debug|Any CPU
		{355BC6B6-203E-4007-8284-FA3B928F8682}.Release|Any CPU.ActiveCfg = Release|Any CPU
		{355BC6B6-203E-4007-8284-FA3B928F8682}.Release|Any CPU.Build.0 = Release|Any CPU
	EndGlobalSection
	GlobalSection(SolutionProperties) = preSolution
		HideSolutionNode = FALSE
	EndGlobalSection
	GlobalSection(ExtensibilityGlobals) = postSolution
		SolutionGuid = {D76BD4B9-FC9A-453E-B603-E5C57D6FAEDA}
	EndGlobalSection
EndGlobal
