
Microsoft Visual Studio Solution File, Format Version 12.00
# Visual Studio Version 17
VisualStudioVersion = 17.14.36616.10 d17.14
MinimumVisualStudioVersion = 10.0.40219.1
Project("{FAE04EC0-301F-11D3-BF4B-00C04F79EFBC}") = "MethodswithParameters", "MethodswithParameters\MethodswithParameters.csproj", "{B934BE9C-E6AE-405E-9CA1-253302C78542}"
EndProject
Global
	GlobalSection(SolutionConfigurationPlatforms) = preSolution
		Debug|Any CPU = Debug|Any CPU
		Release|Any CPU = Release|Any CPU
	EndGlobalSection
	GlobalSection(ProjectConfigurationPlatforms) = postSolution
		{B934BE9C-E6AE-405E-9CA1-253302C78542}.Debug|Any CPU.ActiveCfg = Debug|Any CPU
		{B934BE9C-E6AE-405E-9CA1-253302C78542}.Debug|Any CPU.Build.0 = Debug|Any CPU
		{B934BE9C-E6AE-405E-9CA1-253302C78542}.Release|Any CPU.ActiveCfg = Release|Any CPU
		{B934BE9C-E6AE-405E-9CA1-253302C78542}.Release|Any CPU.Build.0 = Release|Any CPU
	EndGlobalSection
	GlobalSection(SolutionProperties) = preSolution
		HideSolutionNode = FALSE
	EndGlobalSection
	GlobalSection(ExtensibilityGlobals) = postSolution
		SolutionGuid = {F43066EE-8237-4AF2-BAE5-D2A3EA477F5F}
	EndGlobalSection
EndGlobal
